
Microsoft Visual Studio Solution File, Format Version 12.00
# Visual Studio Version 17
VisualStudioVersion = 17.9.34622.214
MinimumVisualStudioVersion = 10.0.40219.1
Project("{9A19103F-16F7-4668-BE54-9A1E7A4F7556}") = "BytePacketSupport", "BytePacketSupport\BytePacketSupport.csproj", "{9646D3DB-DAB7-41ED-8300-8B4AC0430232}"
EndProject
Project("{9A19103F-16F7-4668-BE54-9A1E7A4F7556}") = "AppendTest_preview", "AppendTest_preview\AppendTest_preview.csproj", "{19D46811-0C61-4552-A1BD-B2EF45D8404C}"
EndProject
Project("{9A19103F-16F7-4668-BE54-9A1E7A4F7556}") = "AppendTest", "AppendTest\AppendTest.csproj", "{AE7EBD4A-BD22-4F4F-A377-1F62B1BE4163}"
EndProject
Project("{9A19103F-16F7-4668-BE54-9A1E7A4F7556}") = "PB_Benchmark", "PB_Benchmark\PB_Benchmark.csproj", "{2EEA7006-1E25-4C70-B36A-57664FF7F9D9}"
EndProject
Project("{9A19103F-16F7-4668-BE54-9A1E7A4F7556}") = "PB_Benchmark_preview", "PB_Benchmark_preview\PB_Benchmark_preview.csproj", "{85B11766-D9F7-4DD8-9823-7B46FC89231D}"
EndProject
Project("{2150E333-8FDC-42A3-9474-1A3956D46DE8}") = "Test", "Test", "{863A1FE7-A99E-49CD-91B2-62EEC87AE5F4}"
EndProject
Project("{2150E333-8FDC-42A3-9474-1A3956D46DE8}") = "UnitTest", "UnitTest", "{826A35E2-02FD-4C0D-BF6C-177549B2FCC2}"
EndProject
Project("{2150E333-8FDC-42A3-9474-1A3956D46DE8}") = "benchmark", "benchmark", "{4BC5215C-2970-48BB-8253-B83FE73FD927}"
EndProject
Global
	GlobalSection(SolutionConfigurationPlatforms) = preSolution
		Debug|Any CPU = Debug|Any CPU
		Release|Any CPU = Release|Any CPU
	EndGlobalSection
	GlobalSection(ProjectConfigurationPlatforms) = postSolution
		{9646D3DB-DAB7-41ED-8300-8B4AC0430232}.Debug|Any CPU.ActiveCfg = Debug|Any CPU
		{9646D3DB-DAB7-41ED-8300-8B4AC0430232}.Debug|Any CPU.Build.0 = Debug|Any CPU
		{9646D3DB-DAB7-41ED-8300-8B4AC0430232}.Release|Any CPU.ActiveCfg = Release|Any CPU
		{9646D3DB-DAB7-41ED-8300-8B4AC0430232}.Release|Any CPU.Build.0 = Release|Any CPU
		{19D46811-0C61-4552-A1BD-B2EF45D8404C}.Debug|Any CPU.ActiveCfg = Debug|Any CPU
		{19D46811-0C61-4552-A1BD-B2EF45D8404C}.Debug|Any CPU.Build.0 = Debug|Any CPU
		{19D46811-0C61-4552-A1BD-B2EF45D8404C}.Release|Any CPU.ActiveCfg = Release|Any CPU
		{19D46811-0C61-4552-A1BD-B2EF45D8404C}.Release|Any CPU.Build.0 = Release|Any CPU
		{AE7EBD4A-BD22-4F4F-A377-1F62B1BE4163}.Debug|Any CPU.ActiveCfg = Debug|Any CPU
		{AE7EBD4A-BD22-4F4F-A377-1F62B1BE4163}.Debug|Any CPU.Build.0 = Debug|Any CPU
		{AE7EBD4A-BD22-4F4F-A377-1F62B1BE4163}.Release|Any CPU.ActiveCfg = Release|Any CPU
		{AE7EBD4A-BD22-4F4F-A377-1F62B1BE4163}.Release|Any CPU.Build.0 = Release|Any CPU
		{2EEA7006-1E25-4C70-B36A-57664FF7F9D9}.Debug|Any CPU.ActiveCfg = Debug|Any CPU
		{2EEA7006-1E25-4C70-B36A-57664FF7F9D9}.Debug|Any CPU.Build.0 = Debug|Any CPU
		{2EEA7006-1E25-4C70-B36A-57664FF7F9D9}.Release|Any CPU.ActiveCfg = Release|Any CPU
		{2EEA7006-1E25-4C70-B36A-57664FF7F9D9}.Release|Any CPU.Build.0 = Release|Any CPU
		{85B11766-D9F7-4DD8-9823-7B46FC89231D}.Debug|Any CPU.ActiveCfg = Debug|Any CPU
		{85B11766-D9F7-4DD8-9823-7B46FC89231D}.Debug|Any CPU.Build.0 = Debug|Any CPU
		{85B11766-D9F7-4DD8-9823-7B46FC89231D}.Release|Any CPU.ActiveCfg = Release|Any CPU
		{85B11766-D9F7-4DD8-9823-7B46FC89231D}.Release|Any CPU.Build.0 = Release|Any CPU
	EndGlobalSection
	GlobalSection(SolutionProperties) = preSolution
		HideSolutionNode = FALSE
	EndGlobalSection
	GlobalSection(NestedProjects) = preSolution
		{19D46811-0C61-4552-A1BD-B2EF45D8404C} = {826A35E2-02FD-4C0D-BF6C-177549B2FCC2}
		{AE7EBD4A-BD22-4F4F-A377-1F62B1BE4163} = {826A35E2-02FD-4C0D-BF6C-177549B2FCC2}
		{2EEA7006-1E25-4C70-B36A-57664FF7F9D9} = {4BC5215C-2970-48BB-8253-B83FE73FD927}
		{85B11766-D9F7-4DD8-9823-7B46FC89231D} = {4BC5215C-2970-48BB-8253-B83FE73FD927}
		{826A35E2-02FD-4C0D-BF6C-177549B2FCC2} = {863A1FE7-A99E-49CD-91B2-62EEC87AE5F4}
		{4BC5215C-2970-48BB-8253-B83FE73FD927} = {863A1FE7-A99E-49CD-91B2-62EEC87AE5F4}
	EndGlobalSection
	GlobalSection(ExtensibilityGlobals) = postSolution
		SolutionGuid = {4B64C059-6D1A-4E07-A5ED-A36BDE7CA1CB}
	EndGlobalSection
EndGlobal
